
Microsoft Visual Studio Solution File, Format Version 12.00
Project("{FAE04EC0-301F-11D3-BF4B-00C04F79EFBC}") = "CMA.Collector", "CMA.Collector\CMA.Collector.csproj", "{C9C6B22F-820A-4720-B0CD-5795ABDA90D8}"
EndProject
Project("{FAE04EC0-301F-11D3-BF4B-00C04F79EFBC}") = "CMA.Adapters.Snmp", "CMA.Adapters.Snmp\CMA.Adapters.Snmp.csproj", "{58140A61-1E13-4892-8CCF-5D7F7AE7B2E1}"
EndProject
Project("{FAE04EC0-301F-11D3-BF4B-00C04F79EFBC}") = "CMA.Core", "CMA.Core\CMA.Core.csproj", "{DA81B105-D708-4F03-98A9-6665BE6CE193}"
EndProject
Global
	GlobalSection(SolutionConfigurationPlatforms) = preSolution
		Debug|Any CPU = Debug|Any CPU
		Release|Any CPU = Release|Any CPU
	EndGlobalSection
	GlobalSection(ProjectConfigurationPlatforms) = postSolution
		{C9C6B22F-820A-4720-B0CD-5795ABDA90D8}.Debug|Any CPU.ActiveCfg = Debug|Any CPU
		{C9C6B22F-820A-4720-B0CD-5795ABDA90D8}.Debug|Any CPU.Build.0 = Debug|Any CPU
		{C9C6B22F-820A-4720-B0CD-5795ABDA90D8}.Release|Any CPU.ActiveCfg = Release|Any CPU
		{C9C6B22F-820A-4720-B0CD-5795ABDA90D8}.Release|Any CPU.Build.0 = Release|Any CPU
		{58140A61-1E13-4892-8CCF-5D7F7AE7B2E1}.Debug|Any CPU.ActiveCfg = Debug|Any CPU
		{58140A61-1E13-4892-8CCF-5D7F7AE7B2E1}.Debug|Any CPU.Build.0 = Debug|Any CPU
		{58140A61-1E13-4892-8CCF-5D7F7AE7B2E1}.Release|Any CPU.ActiveCfg = Release|Any CPU
		{58140A61-1E13-4892-8CCF-5D7F7AE7B2E1}.Release|Any CPU.Build.0 = Release|Any CPU
		{DA81B105-D708-4F03-98A9-6665BE6CE193}.Debug|Any CPU.ActiveCfg = Debug|Any CPU
		{DA81B105-D708-4F03-98A9-6665BE6CE193}.Debug|Any CPU.Build.0 = Debug|Any CPU
		{DA81B105-D708-4F03-98A9-6665BE6CE193}.Release|Any CPU.ActiveCfg = Release|Any CPU
		{DA81B105-D708-4F03-98A9-6665BE6CE193}.Release|Any CPU.Build.0 = Release|Any CPU
	EndGlobalSection
EndGlobal
